<?xml version="1.0" encoding="utf-8"?>
<Project ToolsVersion="4.0" xmlns="http://schemas.microsoft.com/developer/msbuild/2003">
  <ItemGroup>
    <Filter Include="System">
      <UniqueIdentifier>{8e1a796e-349c-483e-9197-0d7c3530b4e6}</UniqueIdentifier>
    </Filter>
    <Filter Include="Project Files">
      <UniqueIdentifier>{83d68848-9879-41c9-8c80-4ca9d4dc9f9b}</UniqueIdentifier>
    </Filter>
    <Filter Include="Main">
      <UniqueIdentifier>{ad2c381c-c673-4cfb-8591-ddeb0b6c5358}</UniqueIdentifier>
    </Filter>
    <Filter Include="Graphics">
      <UniqueIdentifier>{e28c96fc-0d24-4f86-9b0c-5a6d2688a100}</UniqueIdentifier>
    </Filter>
  </ItemGroup>
  <ItemGroup>
    <None Include="..\.clang-format">
      <Filter>Project Files</Filter>
    </None>
    <None Include="..\.gitattributes">
      <Filter>Project Files</Filter>
    </None>
    <None Include="..\.gitignore">
      <Filter>Project Files</Filter>
    </None>
    <None Include="..\README.md">
      <Filter>Project Files</Filter>
    </None>
    <None Include="..\.clang-tidy">
      <Filter>Project Files</Filter>
    </None>
  </ItemGroup>
  <ItemGroup>
    <ClCompile Include="System\MainWindow.cpp">
      <Filter>System</Filter>
    </ClCompile>
    <ClCompile Include="System\TritonX.cpp">
      <Filter>Main</Filter>
    </ClCompile>
    <ClCompile Include="pch.cpp">
      <Filter>Main</Filter>
    </ClCompile>
    <ClCompile Include="Graphics\Context.cpp">
      <Filter>Graphics</Filter>
    </ClCompile>
  </ItemGroup>
  <ItemGroup>
    <ClInclude Include="System\MainWindow.h">
      <Filter>System</Filter>
    </ClInclude>
    <ClInclude Include="pch.h">
      <Filter>Main</Filter>
    </ClInclude>
    <ClInclude Include="Graphics\Context.h">
      <Filter>Graphics</Filter>
    </ClInclude>
    <ClInclude Include="Helpers.h">
      <Filter>Graphics</Filter>
    </ClInclude>
  </ItemGroup>
</Project>