<?xml version="1.0" encoding="utf-8"?>
<Project ToolsVersion="4.0" xmlns="http://schemas.microsoft.com/developer/msbuild/2003">
  <ItemGroup>
    <Filter Include="System">
      <UniqueIdentifier>{8e1a796e-349c-483e-9197-0d7c3530b4e6}</UniqueIdentifier>
    </Filter>
    <Filter Include="Project Files">
      <UniqueIdentifier>{83d68848-9879-41c9-8c80-4ca9d4dc9f9b}</UniqueIdentifier>
    </Filter>
  </ItemGroup>
  <ItemGroup>
    <None Include=".clang-format" />
    <None Include="..\.clang-format">
      <Filter>Project Files</Filter>
    </None>
    <None Include="..\.gitattributes">
      <Filter>Project Files</Filter>
    </None>
    <None Include="..\.gitignore">
      <Filter>Project Files</Filter>
    </None>
    <None Include="..\README.md">
      <Filter>Project Files</Filter>
    </None>
  </ItemGroup>
  <ItemGroup>
    <ClCompile Include="pch.cpp" />
    <ClCompile Include="System\TritonX.cpp" />
    <ClCompile Include="System\MainWindow.cpp">
      <Filter>System</Filter>
    </ClCompile>
  </ItemGroup>
  <ItemGroup>
    <ClInclude Include="pch.h" />
    <ClInclude Include="System\MainWindow.h">
      <Filter>System</Filter>
    </ClInclude>
  </ItemGroup>
</Project>